github.com/go-logr/logr v1.4.2 h1:6pFjapn8bFcIbiKo3XT4j/BhANplGihG6tvd+8rYgrY=
github.com/go-logr/logr v1.4.2/go.mod h1:9T104GzyrTigFIr8wt5mBrctHMim0Nb2HLGrmQ40KvY=
github.com/joaopandolfi/core v0.0.0-20250526122154-97b01993453b h1:LH6BA3rGb6l0df64+LL8c7jk/mZOmMgLUEze7tuQdhA=
github.com/joaopandolfi/core v0.0.0-20250526122154-97b01993453b/go.mod h1:bq2olwaR3muiO5aXdHk8A+1Uw5Vhfdwqo/5uTPyYswU=
github.com/joaopandolfi/ollama v1.0.2 h1:9GWdu+PTjasXIGiFysDDK/LZJMWvYyNn/BRB+sgR0PU=
github.com/joaopandolfi/ollama v1.0.2/go.mod h1:XFc4PtM+vk6wy75csqH7cNUekXIJST8l+ha18aCVxqg=
